
Microsoft Visual Studio Solution File, Format Version 12.00
# Visual Studio Version 16
VisualStudioVersion = 16.0.32510.428
MinimumVisualStudioVersion = 10.0.40219.1
Project("{D2ABAB84-BF74-430A-B69E-9DC6D40DDA17}") = "bi-clinica-datamart", "bi-clinica-datamart\bi-clinica-datamart.dwproj", "{8EF8A9FE-7024-4669-90D4-155854B2294D}"
EndProject
Global
	GlobalSection(SolutionConfigurationPlatforms) = preSolution
		Development|Default = Development|Default
	EndGlobalSection
	GlobalSection(ProjectConfigurationPlatforms) = postSolution
		{8EF8A9FE-7024-4669-90D4-155854B2294D}.Development|Default.ActiveCfg = Development
		{8EF8A9FE-7024-4669-90D4-155854B2294D}.Development|Default.Build.0 = Development
		{8EF8A9FE-7024-4669-90D4-155854B2294D}.Development|Default.Deploy.0 = Development
	EndGlobalSection
	GlobalSection(SolutionProperties) = preSolution
		HideSolutionNode = FALSE
	EndGlobalSection
	GlobalSection(ExtensibilityGlobals) = postSolution
		SolutionGuid = {7B0F0176-BB93-4E64-B7EE-D413B7851EFD}
	EndGlobalSection
EndGlobal
